
Microsoft Visual Studio Solution File, Format Version 12.00
# Visual Studio Version 16
VisualStudioVersion = 16.0.31624.102
MinimumVisualStudioVersion = 10.0.40219.1
Project("{FAE04EC0-301F-11D3-BF4B-00C04F79EFBC}") = "App4.UWP", "App4\App4.UWP\App4.UWP.csproj", "{5905830F-B7A0-4EC0-AF1C-AF5764892067}"
EndProject
Project("{FAE04EC0-301F-11D3-BF4B-00C04F79EFBC}") = "App4.Android", "App4\App4.Android\App4.Android.csproj", "{6DDDEA58-21CF-445A-9B1A-8E5979493CE8}"
EndProject
Project("{FAE04EC0-301F-11D3-BF4B-00C04F79EFBC}") = "App4.iOS", "App4\App4.iOS\App4.iOS.csproj", "{DA88B810-2888-4407-BF4C-C4685C86E2A7}"
EndProject
Project("{FAE04EC0-301F-11D3-BF4B-00C04F79EFBC}") = "App4", "App4\App4\App4.csproj", "{C9121F60-588F-4D6D-9F1E-C37E363504FF}"
EndProject
Global
	GlobalSection(SolutionConfigurationPlatforms) = preSolution
		Debug|Any CPU = Debug|Any CPU
		Debug|ARM = Debug|ARM
		Debug|iPhone = Debug|iPhone
		Debug|iPhoneSimulator = Debug|iPhoneSimulator
		Debug|x64 = Debug|x64
		Debug|x86 = Debug|x86
		Release|Any CPU = Release|Any CPU
		Release|ARM = Release|ARM
		Release|iPhone = Release|iPhone
		Release|iPhoneSimulator = Release|iPhoneSimulator
		Release|x64 = Release|x64
		Release|x86 = Release|x86
	EndGlobalSection
	GlobalSection(ProjectConfigurationPlatforms) = postSolution
		{5905830F-B7A0-4EC0-AF1C-AF5764892067}.Debug|Any CPU.ActiveCfg = Debug|x86
		{5905830F-B7A0-4EC0-AF1C-AF5764892067}.Debug|Any CPU.Build.0 = Debug|x86
		{5905830F-B7A0-4EC0-AF1C-AF5764892067}.Debug|Any CPU.Deploy.0 = Debug|x86
		{5905830F-B7A0-4EC0-AF1C-AF5764892067}.Debug|ARM.ActiveCfg = Debug|ARM
		{5905830F-B7A0-4EC0-AF1C-AF5764892067}.Debug|ARM.Build.0 = Debug|ARM
		{5905830F-B7A0-4EC0-AF1C-AF5764892067}.Debug|ARM.Deploy.0 = Debug|ARM
		{5905830F-B7A0-4EC0-AF1C-AF5764892067}.Debug|iPhone.ActiveCfg = Debug|x86
		{5905830F-B7A0-4EC0-AF1C-AF5764892067}.Debug|iPhone.Build.0 = Debug|x86
		{5905830F-B7A0-4EC0-AF1C-AF5764892067}.Debug|iPhone.Deploy.0 = Debug|x86
		{5905830F-B7A0-4EC0-AF1C-AF5764892067}.Debug|iPhoneSimulator.ActiveCfg = Debug|x86
		{5905830F-B7A0-4EC0-AF1C-AF5764892067}.Debug|iPhoneSimulator.Build.0 = Debug|x86
		{5905830F-B7A0-4EC0-AF1C-AF5764892067}.Debug|iPhoneSimulator.Deploy.0 = Debug|x86
		{5905830F-B7A0-4EC0-AF1C-AF5764892067}.Debug|x64.ActiveCfg = Debug|x64
		{5905830F-B7A0-4EC0-AF1C-AF5764892067}.Debug|x64.Build.0 = Debug|x64
		{5905830F-B7A0-4EC0-AF1C-AF5764892067}.Debug|x64.Deploy.0 = Debug|x64
		{5905830F-B7A0-4EC0-AF1C-AF5764892067}.Debug|x86.ActiveCfg = Debug|x86
		{5905830F-B7A0-4EC0-AF1C-AF5764892067}.Debug|x86.Build.0 = Debug|x86
		{5905830F-B7A0-4EC0-AF1C-AF5764892067}.Debug|x86.Deploy.0 = Debug|x86
		{5905830F-B7A0-4EC0-AF1C-AF5764892067}.Release|Any CPU.ActiveCfg = Release|x86
		{5905830F-B7A0-4EC0-AF1C-AF5764892067}.Release|Any CPU.Build.0 = Release|x86
		{5905830F-B7A0-4EC0-AF1C-AF5764892067}.Release|Any CPU.Deploy.0 = Release|x86
		{5905830F-B7A0-4EC0-AF1C-AF5764892067}.Release|ARM.ActiveCfg = Release|ARM
		{5905830F-B7A0-4EC0-AF1C-AF5764892067}.Release|ARM.Build.0 = Release|ARM
		{5905830F-B7A0-4EC0-AF1C-AF5764892067}.Release|ARM.Deploy.0 = Release|ARM
		{5905830F-B7A0-4EC0-AF1C-AF5764892067}.Release|iPhone.ActiveCfg = Release|x86
		{5905830F-B7A0-4EC0-AF1C-AF5764892067}.Release|iPhone.Build.0 = Release|x86
		{5905830F-B7A0-4EC0-AF1C-AF5764892067}.Release|iPhone.Deploy.0 = Release|x86
		{5905830F-B7A0-4EC0-AF1C-AF5764892067}.Release|iPhoneSimulator.ActiveCfg = Release|x86
		{5905830F-B7A0-4EC0-AF1C-AF5764892067}.Release|iPhoneSimulator.Build.0 = Release|x86
		{5905830F-B7A0-4EC0-AF1C-AF5764892067}.Release|iPhoneSimulator.Deploy.0 = Release|x86
		{5905830F-B7A0-4EC0-AF1C-AF5764892067}.Release|x64.ActiveCfg = Release|x64
		{5905830F-B7A0-4EC0-AF1C-AF5764892067}.Release|x64.Build.0 = Release|x64
		{5905830F-B7A0-4EC0-AF1C-AF5764892067}.Release|x64.Deploy.0 = Release|x64
		{5905830F-B7A0-4EC0-AF1C-AF5764892067}.Release|x86.ActiveCfg = Release|x86
		{5905830F-B7A0-4EC0-AF1C-AF5764892067}.Release|x86.Build.0 = Release|x86
		{5905830F-B7A0-4EC0-AF1C-AF5764892067}.Release|x86.Deploy.0 = Release|x86
		{6DDDEA58-21CF-445A-9B1A-8E5979493CE8}.Debug|Any CPU.ActiveCfg = Debug|Any CPU
		{6DDDEA58-21CF-445A-9B1A-8E5979493CE8}.Debug|Any CPU.Build.0 = Debug|Any CPU
		{6DDDEA58-21CF-445A-9B1A-8E5979493CE8}.Debug|Any CPU.Deploy.0 = Debug|Any CPU
		{6DDDEA58-21CF-445A-9B1A-8E5979493CE8}.Debug|ARM.ActiveCfg = Debug|Any CPU
		{6DDDEA58-21CF-445A-9B1A-8E5979493CE8}.Debug|ARM.Build.0 = Debug|Any CPU
		{6DDDEA58-21CF-445A-9B1A-8E5979493CE8}.Debug|ARM.Deploy.0 = Debug|Any CPU
		{6DDDEA58-21CF-445A-9B1A-8E5979493CE8}.Debug|iPhone.ActiveCfg = Debug|Any CPU
		{6DDDEA58-21CF-445A-9B1A-8E5979493CE8}.Debug|iPhone.Build.0 = Debug|Any CPU
		{6DDDEA58-21CF-445A-9B1A-8E5979493CE8}.Debug|iPhone.Deploy.0 = Debug|Any CPU
		{6DDDEA58-21CF-445A-9B1A-8E5979493CE8}.Debug|iPhoneSimulator.ActiveCfg = Debug|Any CPU
		{6DDDEA58-21CF-445A-9B1A-8E5979493CE8}.Debug|iPhoneSimulator.Build.0 = Debug|Any CPU
		{6DDDEA58-21CF-445A-9B1A-8E5979493CE8}.Debug|iPhoneSimulator.Deploy.0 = Debug|Any CPU
		{6DDDEA58-21CF-445A-9B1A-8E5979493CE8}.Debug|x64.ActiveCfg = Debug|Any CPU
		{6DDDEA58-21CF-445A-9B1A-8E5979493CE8}.Debug|x64.Build.0 = Debug|Any CPU
		{6DDDEA58-21CF-445A-9B1A-8E5979493CE8}.Debug|x64.Deploy.0 = Debug|Any CPU
		{6DDDEA58-21CF-445A-9B1A-8E5979493CE8}.Debug|x86.ActiveCfg = Debug|Any CPU
		{6DDDEA58-21CF-445A-9B1A-8E5979493CE8}.Debug|x86.Build.0 = Debug|Any CPU
		{6DDDEA58-21CF-445A-9B1A-8E5979493CE8}.Debug|x86.Deploy.0 = Debug|Any CPU
		{6DDDEA58-21CF-445A-9B1A-8E5979493CE8}.Release|Any CPU.ActiveCfg = Release|Any CPU
		{6DDDEA58-21CF-445A-9B1A-8E5979493CE8}.Release|Any CPU.Build.0 = Release|Any CPU
		{6DDDEA58-21CF-445A-9B1A-8E5979493CE8}.Release|Any CPU.Deploy.0 = Release|Any CPU
		{6DDDEA58-21CF-445A-9B1A-8E5979493CE8}.Release|ARM.ActiveCfg = Release|Any CPU
		{6DDDEA58-21CF-445A-9B1A-8E5979493CE8}.Release|ARM.Build.0 = Release|Any CPU
		{6DDDEA58-21CF-445A-9B1A-8E5979493CE8}.Release|ARM.Deploy.0 = Release|Any CPU
		{6DDDEA58-21CF-445A-9B1A-8E5979493CE8}.Release|iPhone.ActiveCfg = Release|Any CPU
		{6DDDEA58-21CF-445A-9B1A-8E5979493CE8}.Release|iPhone.Build.0 = Release|Any CPU
		{6DDDEA58-21CF-445A-9B1A-8E5979493CE8}.Release|iPhone.Deploy.0 = Release|Any CPU
		{6DDDEA58-21CF-445A-9B1A-8E5979493CE8}.Release|iPhoneSimulator.ActiveCfg = Release|Any CPU
		{6DDDEA58-21CF-445A-9B1A-8E5979493CE8}.Release|iPhoneSimulator.Build.0 = Release|Any CPU
		{6DDDEA58-21CF-445A-9B1A-8E5979493CE8}.Release|iPhoneSimulator.Deploy.0 = Release|Any CPU
		{6DDDEA58-21CF-445A-9B1A-8E5979493CE8}.Release|x64.ActiveCfg = Release|Any CPU
		{6DDDEA58-21CF-445A-9B1A-8E5979493CE8}.Release|x64.Build.0 = Release|Any CPU
		{6DDDEA58-21CF-445A-9B1A-8E5979493CE8}.Release|x64.Deploy.0 = Release|Any CPU
		{6DDDEA58-21CF-445A-9B1A-8E5979493CE8}.Release|x86.ActiveCfg = Release|Any CPU
		{6DDDEA58-21CF-445A-9B1A-8E5979493CE8}.Release|x86.Build.0 = Release|Any CPU
		{6DDDEA58-21CF-445A-9B1A-8E5979493CE8}.Release|x86.Deploy.0 = Release|Any CPU
		{DA88B810-2888-4407-BF4C-C4685C86E2A7}.Debug|Any CPU.ActiveCfg = Debug|iPhoneSimulator
		{DA88B810-2888-4407-BF4C-C4685C86E2A7}.Debug|Any CPU.Build.0 = Debug|iPhoneSimulator
		{DA88B810-2888-4407-BF4C-C4685C86E2A7}.Debug|Any CPU.Deploy.0 = Debug|iPhoneSimulator
		{DA88B810-2888-4407-BF4C-C4685C86E2A7}.Debug|ARM.ActiveCfg = Debug|iPhone
		{DA88B810-2888-4407-BF4C-C4685C86E2A7}.Debug|ARM.Build.0 = Debug|iPhone
		{DA88B810-2888-4407-BF4C-C4685C86E2A7}.Debug|ARM.Deploy.0 = Debug|iPhone
		{DA88B810-2888-4407-BF4C-C4685C86E2A7}.Debug|iPhone.ActiveCfg = Debug|iPhone
		{DA88B810-2888-4407-BF4C-C4685C86E2A7}.Debug|iPhone.Build.0 = Debug|iPhone
		{DA88B810-2888-4407-BF4C-C4685C86E2A7}.Debug|iPhone.Deploy.0 = Debug|iPhone
		{DA88B810-2888-4407-BF4C-C4685C86E2A7}.Debug|iPhoneSimulator.ActiveCfg = Debug|iPhoneSimulator
		{DA88B810-2888-4407-BF4C-C4685C86E2A7}.Debug|iPhoneSimulator.Build.0 = Debug|iPhoneSimulator
		{DA88B810-2888-4407-BF4C-C4685C86E2A7}.Debug|iPhoneSimulator.Deploy.0 = Debug|iPhoneSimulator
		{DA88B810-2888-4407-BF4C-C4685C86E2A7}.Debug|x64.ActiveCfg = Debug|iPhoneSimulator
		{DA88B810-2888-4407-BF4C-C4685C86E2A7}.Debug|x64.Build.0 = Debug|iPhoneSimulator
		{DA88B810-2888-4407-BF4C-C4685C86E2A7}.Debug|x64.Deploy.0 = Debug|iPhoneSimulator
		{DA88B810-2888-4407-BF4C-C4685C86E2A7}.Debug|x86.ActiveCfg = Debug|iPhoneSimulator
		{DA88B810-2888-4407-BF4C-C4685C86E2A7}.Debug|x86.Build.0 = Debug|iPhoneSimulator
		{DA88B810-2888-4407-BF4C-C4685C86E2A7}.Debug|x86.Deploy.0 = Debug|iPhoneSimulator
		{DA88B810-2888-4407-BF4C-C4685C86E2A7}.Release|Any CPU.ActiveCfg = Release|iPhoneSimulator
		{DA88B810-2888-4407-BF4C-C4685C86E2A7}.Release|Any CPU.Build.0 = Release|iPhoneSimulator
		{DA88B810-2888-4407-BF4C-C4685C86E2A7}.Release|Any CPU.Deploy.0 = Release|iPhoneSimulator
		{DA88B810-2888-4407-BF4C-C4685C86E2A7}.Release|ARM.ActiveCfg = Release|iPhoneSimulator
		{DA88B810-2888-4407-BF4C-C4685C86E2A7}.Release|ARM.Build.0 = Release|iPhoneSimulator
		{DA88B810-2888-4407-BF4C-C4685C86E2A7}.Release|ARM.Deploy.0 = Release|iPhoneSimulator
		{DA88B810-2888-4407-BF4C-C4685C86E2A7}.Release|iPhone.ActiveCfg = Release|iPhone
		{DA88B810-2888-4407-BF4C-C4685C86E2A7}.Release|iPhone.Build.0 = Release|iPhone
		{DA88B810-2888-4407-BF4C-C4685C86E2A7}.Release|iPhone.Deploy.0 = Release|iPhone
		{DA88B810-2888-4407-BF4C-C4685C86E2A7}.Release|iPhoneSimulator.ActiveCfg = Release|iPhoneSimulator
		{DA88B810-2888-4407-BF4C-C4685C86E2A7}.Release|iPhoneSimulator.Build.0 = Release|iPhoneSimulator
		{DA88B810-2888-4407-BF4C-C4685C86E2A7}.Release|iPhoneSimulator.Deploy.0 = Release|iPhoneSimulator
		{DA88B810-2888-4407-BF4C-C4685C86E2A7}.Release|x64.ActiveCfg = Release|iPhoneSimulator
		{DA88B810-2888-4407-BF4C-C4685C86E2A7}.Release|x64.Build.0 = Release|iPhoneSimulator
		{DA88B810-2888-4407-BF4C-C4685C86E2A7}.Release|x64.Deploy.0 = Release|iPhoneSimulator
		{DA88B810-2888-4407-BF4C-C4685C86E2A7}.Release|x86.ActiveCfg = Release|iPhoneSimulator
		{DA88B810-2888-4407-BF4C-C4685C86E2A7}.Release|x86.Build.0 = Release|iPhoneSimulator
		{DA88B810-2888-4407-BF4C-C4685C86E2A7}.Release|x86.Deploy.0 = Release|iPhoneSimulator
		{C9121F60-588F-4D6D-9F1E-C37E363504FF}.Debug|Any CPU.ActiveCfg = Debug|Any CPU
		{C9121F60-588F-4D6D-9F1E-C37E363504FF}.Debug|Any CPU.Build.0 = Debug|Any CPU
		{C9121F60-588F-4D6D-9F1E-C37E363504FF}.Debug|Any CPU.Deploy.0 = Debug|Any CPU
		{C9121F60-588F-4D6D-9F1E-C37E363504FF}.Debug|ARM.ActiveCfg = Debug|Any CPU
		{C9121F60-588F-4D6D-9F1E-C37E363504FF}.Debug|ARM.Build.0 = Debug|Any CPU
		{C9121F60-588F-4D6D-9F1E-C37E363504FF}.Debug|ARM.Deploy.0 = Debug|Any CPU
		{C9121F60-588F-4D6D-9F1E-C37E363504FF}.Debug|iPhone.ActiveCfg = Debug|Any CPU
		{C9121F60-588F-4D6D-9F1E-C37E363504FF}.Debug|iPhone.Build.0 = Debug|Any CPU
		{C9121F60-588F-4D6D-9F1E-C37E363504FF}.Debug|iPhone.Deploy.0 = Debug|Any CPU
		{C9121F60-588F-4D6D-9F1E-C37E363504FF}.Debug|iPhoneSimulator.ActiveCfg = Debug|Any CPU
		{C9121F60-588F-4D6D-9F1E-C37E363504FF}.Debug|iPhoneSimulator.Build.0 = Debug|Any CPU
		{C9121F60-588F-4D6D-9F1E-C37E363504FF}.Debug|iPhoneSimulator.Deploy.0 = Debug|Any CPU
		{C9121F60-588F-4D6D-9F1E-C37E363504FF}.Debug|x64.ActiveCfg = Debug|Any CPU
		{C9121F60-588F-4D6D-9F1E-C37E363504FF}.Debug|x64.Build.0 = Debug|Any CPU
		{C9121F60-588F-4D6D-9F1E-C37E363504FF}.Debug|x64.Deploy.0 = Debug|Any CPU
		{C9121F60-588F-4D6D-9F1E-C37E363504FF}.Debug|x86.ActiveCfg = Debug|Any CPU
		{C9121F60-588F-4D6D-9F1E-C37E363504FF}.Debug|x86.Build.0 = Debug|Any CPU
		{C9121F60-588F-4D6D-9F1E-C37E363504FF}.Debug|x86.Deploy.0 = Debug|Any CPU
		{C9121F60-588F-4D6D-9F1E-C37E363504FF}.Release|Any CPU.ActiveCfg = Release|Any CPU
		{C9121F60-588F-4D6D-9F1E-C37E363504FF}.Release|Any CPU.Build.0 = Release|Any CPU
		{C9121F60-588F-4D6D-9F1E-C37E363504FF}.Release|Any CPU.Deploy.0 = Release|Any CPU
		{C9121F60-588F-4D6D-9F1E-C37E363504FF}.Release|ARM.ActiveCfg = Release|Any CPU
		{C9121F60-588F-4D6D-9F1E-C37E363504FF}.Release|ARM.Build.0 = Release|Any CPU
		{C9121F60-588F-4D6D-9F1E-C37E363504FF}.Release|ARM.Deploy.0 = Release|Any CPU
		{C9121F60-588F-4D6D-9F1E-C37E363504FF}.Release|iPhone.ActiveCfg = Release|Any CPU
		{C9121F60-588F-4D6D-9F1E-C37E363504FF}.Release|iPhone.Build.0 = Release|Any CPU
		{C9121F60-588F-4D6D-9F1E-C37E363504FF}.Release|iPhone.Deploy.0 = Release|Any CPU
		{C9121F60-588F-4D6D-9F1E-C37E363504FF}.Release|iPhoneSimulator.ActiveCfg = Release|Any CPU
		{C9121F60-588F-4D6D-9F1E-C37E363504FF}.Release|iPhoneSimulator.Build.0 = Release|Any CPU
		{C9121F60-588F-4D6D-9F1E-C37E363504FF}.Release|iPhoneSimulator.Deploy.0 = Release|Any CPU
		{C9121F60-588F-4D6D-9F1E-C37E363504FF}.Release|x64.ActiveCfg = Release|Any CPU
		{C9121F60-588F-4D6D-9F1E-C37E363504FF}.Release|x64.Build.0 = Release|Any CPU
		{C9121F60-588F-4D6D-9F1E-C37E363504FF}.Release|x64.Deploy.0 = Release|Any CPU
		{C9121F60-588F-4D6D-9F1E-C37E363504FF}.Release|x86.ActiveCfg = Release|Any CPU
		{C9121F60-588F-4D6D-9F1E-C37E363504FF}.Release|x86.Build.0 = Release|Any CPU
		{C9121F60-588F-4D6D-9F1E-C37E363504FF}.Release|x86.Deploy.0 = Release|Any CPU
	EndGlobalSection
	GlobalSection(SolutionProperties) = preSolution
		HideSolutionNode = FALSE
	EndGlobalSection
	GlobalSection(ExtensibilityGlobals) = postSolution
		SolutionGuid = {A6D2E434-D17E-46A4-8D1C-5A8C3A89A3DF}
	EndGlobalSection
EndGlobal
